
Microsoft Visual Studio Solution File, Format Version 12.00
# Visual Studio 15
VisualStudioVersion = 15.0.28010.2016
MinimumVisualStudioVersion = 10.0.40219.1
Project("{FAE04EC0-301F-11D3-BF4B-00C04F79EFBC}") = "WebScraping.Web", "WebScraping.Web\WebScraping.Web.csproj", "{F83B851E-5648-44DD-A66A-D1D70A34FAB5}"
EndProject
Project("{FAE04EC0-301F-11D3-BF4B-00C04F79EFBC}") = "WebScraping.Api", "WebScraping.Api\WebScraping.Api.csproj", "{C6DBC1E7-F14F-4286-B5CD-F168442C2840}"
EndProject
Global
	GlobalSection(SolutionConfigurationPlatforms) = preSolution
		Debug|Any CPU = Debug|Any CPU
		Release|Any CPU = Release|Any CPU
	EndGlobalSection
	GlobalSection(ProjectConfigurationPlatforms) = postSolution
		{F83B851E-5648-44DD-A66A-D1D70A34FAB5}.Debug|Any CPU.ActiveCfg = Debug|Any CPU
		{F83B851E-5648-44DD-A66A-D1D70A34FAB5}.Debug|Any CPU.Build.0 = Debug|Any CPU
		{F83B851E-5648-44DD-A66A-D1D70A34FAB5}.Release|Any CPU.ActiveCfg = Release|Any CPU
		{F83B851E-5648-44DD-A66A-D1D70A34FAB5}.Release|Any CPU.Build.0 = Release|Any CPU
		{C6DBC1E7-F14F-4286-B5CD-F168442C2840}.Debug|Any CPU.ActiveCfg = Debug|Any CPU
		{C6DBC1E7-F14F-4286-B5CD-F168442C2840}.Debug|Any CPU.Build.0 = Debug|Any CPU
		{C6DBC1E7-F14F-4286-B5CD-F168442C2840}.Release|Any CPU.ActiveCfg = Release|Any CPU
		{C6DBC1E7-F14F-4286-B5CD-F168442C2840}.Release|Any CPU.Build.0 = Release|Any CPU
	EndGlobalSection
	GlobalSection(SolutionProperties) = preSolution
		HideSolutionNode = FALSE
	EndGlobalSection
	GlobalSection(ExtensibilityGlobals) = postSolution
		SolutionGuid = {1022497D-55E5-4F63-AB03-30C5E70B5E22}
	EndGlobalSection
EndGlobal
